
Microsoft Visual Studio Solution File, Format Version 12.00
# Visual Studio Version 17
VisualStudioVersion = 17.8.34408.163
MinimumVisualStudioVersion = 10.0.40219.1
Project("{FAE04EC0-301F-11D3-BF4B-00C04F79EFBC}") = "Converter.UWP", "Converter.UWP\Converter.UWP.csproj", "{234A0A9B-F1B2-4EE6-AF9E-0AE7C7CC2ED2}"
EndProject
Project("{FAE04EC0-301F-11D3-BF4B-00C04F79EFBC}") = "Converter.Android", "Converter.Android\Converter.Android.csproj", "{72D8B813-8EED-4FBE-A884-E72CC33E1D4F}"
EndProject
Project("{FAE04EC0-301F-11D3-BF4B-00C04F79EFBC}") = "Converter.iOS", "Converter.iOS\Converter.iOS.csproj", "{FF8AB33C-AA01-4B4B-AAD6-8E34AFE15C51}"
EndProject
Project("{FAE04EC0-301F-11D3-BF4B-00C04F79EFBC}") = "Converter", "Converter\Converter.csproj", "{E1407700-A078-4066-A1FB-C2ACBD812E91}"
EndProject
Global
	GlobalSection(SolutionConfigurationPlatforms) = preSolution
		Debug|Any CPU = Debug|Any CPU
		Debug|ARM = Debug|ARM
		Debug|iPhone = Debug|iPhone
		Debug|iPhoneSimulator = Debug|iPhoneSimulator
		Debug|x64 = Debug|x64
		Debug|x86 = Debug|x86
		Release|Any CPU = Release|Any CPU
		Release|ARM = Release|ARM
		Release|iPhone = Release|iPhone
		Release|iPhoneSimulator = Release|iPhoneSimulator
		Release|x64 = Release|x64
		Release|x86 = Release|x86
	EndGlobalSection
	GlobalSection(ProjectConfigurationPlatforms) = postSolution
		{234A0A9B-F1B2-4EE6-AF9E-0AE7C7CC2ED2}.Debug|Any CPU.ActiveCfg = Debug|x64
		{234A0A9B-F1B2-4EE6-AF9E-0AE7C7CC2ED2}.Debug|Any CPU.Build.0 = Debug|x64
		{234A0A9B-F1B2-4EE6-AF9E-0AE7C7CC2ED2}.Debug|Any CPU.Deploy.0 = Debug|x64
		{234A0A9B-F1B2-4EE6-AF9E-0AE7C7CC2ED2}.Debug|ARM.ActiveCfg = Debug|ARM
		{234A0A9B-F1B2-4EE6-AF9E-0AE7C7CC2ED2}.Debug|ARM.Build.0 = Debug|ARM
		{234A0A9B-F1B2-4EE6-AF9E-0AE7C7CC2ED2}.Debug|ARM.Deploy.0 = Debug|ARM
		{234A0A9B-F1B2-4EE6-AF9E-0AE7C7CC2ED2}.Debug|iPhone.ActiveCfg = Debug|x64
		{234A0A9B-F1B2-4EE6-AF9E-0AE7C7CC2ED2}.Debug|iPhone.Build.0 = Debug|x64
		{234A0A9B-F1B2-4EE6-AF9E-0AE7C7CC2ED2}.Debug|iPhone.Deploy.0 = Debug|x64
		{234A0A9B-F1B2-4EE6-AF9E-0AE7C7CC2ED2}.Debug|iPhoneSimulator.ActiveCfg = Debug|x64
		{234A0A9B-F1B2-4EE6-AF9E-0AE7C7CC2ED2}.Debug|iPhoneSimulator.Build.0 = Debug|x64
		{234A0A9B-F1B2-4EE6-AF9E-0AE7C7CC2ED2}.Debug|iPhoneSimulator.Deploy.0 = Debug|x64
		{234A0A9B-F1B2-4EE6-AF9E-0AE7C7CC2ED2}.Debug|x64.ActiveCfg = Debug|x64
		{234A0A9B-F1B2-4EE6-AF9E-0AE7C7CC2ED2}.Debug|x64.Build.0 = Debug|x64
		{234A0A9B-F1B2-4EE6-AF9E-0AE7C7CC2ED2}.Debug|x64.Deploy.0 = Debug|x64
		{234A0A9B-F1B2-4EE6-AF9E-0AE7C7CC2ED2}.Debug|x86.ActiveCfg = Debug|x86
		{234A0A9B-F1B2-4EE6-AF9E-0AE7C7CC2ED2}.Debug|x86.Build.0 = Debug|x86
		{234A0A9B-F1B2-4EE6-AF9E-0AE7C7CC2ED2}.Debug|x86.Deploy.0 = Debug|x86
		{234A0A9B-F1B2-4EE6-AF9E-0AE7C7CC2ED2}.Release|Any CPU.ActiveCfg = Release|x64
		{234A0A9B-F1B2-4EE6-AF9E-0AE7C7CC2ED2}.Release|Any CPU.Build.0 = Release|x64
		{234A0A9B-F1B2-4EE6-AF9E-0AE7C7CC2ED2}.Release|Any CPU.Deploy.0 = Release|x64
		{234A0A9B-F1B2-4EE6-AF9E-0AE7C7CC2ED2}.Release|ARM.ActiveCfg = Release|ARM
		{234A0A9B-F1B2-4EE6-AF9E-0AE7C7CC2ED2}.Release|ARM.Build.0 = Release|ARM
		{234A0A9B-F1B2-4EE6-AF9E-0AE7C7CC2ED2}.Release|ARM.Deploy.0 = Release|ARM
		{234A0A9B-F1B2-4EE6-AF9E-0AE7C7CC2ED2}.Release|iPhone.ActiveCfg = Release|x64
		{234A0A9B-F1B2-4EE6-AF9E-0AE7C7CC2ED2}.Release|iPhone.Build.0 = Release|x64
		{234A0A9B-F1B2-4EE6-AF9E-0AE7C7CC2ED2}.Release|iPhone.Deploy.0 = Release|x64
		{234A0A9B-F1B2-4EE6-AF9E-0AE7C7CC2ED2}.Release|iPhoneSimulator.ActiveCfg = Release|x64
		{234A0A9B-F1B2-4EE6-AF9E-0AE7C7CC2ED2}.Release|iPhoneSimulator.Build.0 = Release|x64
		{234A0A9B-F1B2-4EE6-AF9E-0AE7C7CC2ED2}.Release|iPhoneSimulator.Deploy.0 = Release|x64
		{234A0A9B-F1B2-4EE6-AF9E-0AE7C7CC2ED2}.Release|x64.ActiveCfg = Release|x64
		{234A0A9B-F1B2-4EE6-AF9E-0AE7C7CC2ED2}.Release|x64.Build.0 = Release|x64
		{234A0A9B-F1B2-4EE6-AF9E-0AE7C7CC2ED2}.Release|x64.Deploy.0 = Release|x64
		{234A0A9B-F1B2-4EE6-AF9E-0AE7C7CC2ED2}.Release|x86.ActiveCfg = Release|x86
		{234A0A9B-F1B2-4EE6-AF9E-0AE7C7CC2ED2}.Release|x86.Build.0 = Release|x86
		{234A0A9B-F1B2-4EE6-AF9E-0AE7C7CC2ED2}.Release|x86.Deploy.0 = Release|x86
		{72D8B813-8EED-4FBE-A884-E72CC33E1D4F}.Debug|Any CPU.ActiveCfg = Debug|Any CPU
		{72D8B813-8EED-4FBE-A884-E72CC33E1D4F}.Debug|Any CPU.Build.0 = Debug|Any CPU
		{72D8B813-8EED-4FBE-A884-E72CC33E1D4F}.Debug|Any CPU.Deploy.0 = Debug|Any CPU
		{72D8B813-8EED-4FBE-A884-E72CC33E1D4F}.Debug|ARM.ActiveCfg = Debug|Any CPU
		{72D8B813-8EED-4FBE-A884-E72CC33E1D4F}.Debug|ARM.Build.0 = Debug|Any CPU
		{72D8B813-8EED-4FBE-A884-E72CC33E1D4F}.Debug|ARM.Deploy.0 = Debug|Any CPU
		{72D8B813-8EED-4FBE-A884-E72CC33E1D4F}.Debug|iPhone.ActiveCfg = Debug|Any CPU
		{72D8B813-8EED-4FBE-A884-E72CC33E1D4F}.Debug|iPhone.Build.0 = Debug|Any CPU
		{72D8B813-8EED-4FBE-A884-E72CC33E1D4F}.Debug|iPhone.Deploy.0 = Debug|Any CPU
		{72D8B813-8EED-4FBE-A884-E72CC33E1D4F}.Debug|iPhoneSimulator.ActiveCfg = Debug|Any CPU
		{72D8B813-8EED-4FBE-A884-E72CC33E1D4F}.Debug|iPhoneSimulator.Build.0 = Debug|Any CPU
		{72D8B813-8EED-4FBE-A884-E72CC33E1D4F}.Debug|iPhoneSimulator.Deploy.0 = Debug|Any CPU
		{72D8B813-8EED-4FBE-A884-E72CC33E1D4F}.Debug|x64.ActiveCfg = Debug|Any CPU
		{72D8B813-8EED-4FBE-A884-E72CC33E1D4F}.Debug|x64.Build.0 = Debug|Any CPU
		{72D8B813-8EED-4FBE-A884-E72CC33E1D4F}.Debug|x64.Deploy.0 = Debug|Any CPU
		{72D8B813-8EED-4FBE-A884-E72CC33E1D4F}.Debug|x86.ActiveCfg = Debug|Any CPU
		{72D8B813-8EED-4FBE-A884-E72CC33E1D4F}.Debug|x86.Build.0 = Debug|Any CPU
		{72D8B813-8EED-4FBE-A884-E72CC33E1D4F}.Debug|x86.Deploy.0 = Debug|Any CPU
		{72D8B813-8EED-4FBE-A884-E72CC33E1D4F}.Release|Any CPU.ActiveCfg = Release|Any CPU
		{72D8B813-8EED-4FBE-A884-E72CC33E1D4F}.Release|Any CPU.Build.0 = Release|Any CPU
		{72D8B813-8EED-4FBE-A884-E72CC33E1D4F}.Release|Any CPU.Deploy.0 = Release|Any CPU
		{72D8B813-8EED-4FBE-A884-E72CC33E1D4F}.Release|ARM.ActiveCfg = Release|Any CPU
		{72D8B813-8EED-4FBE-A884-E72CC33E1D4F}.Release|ARM.Build.0 = Release|Any CPU
		{72D8B813-8EED-4FBE-A884-E72CC33E1D4F}.Release|ARM.Deploy.0 = Release|Any CPU
		{72D8B813-8EED-4FBE-A884-E72CC33E1D4F}.Release|iPhone.ActiveCfg = Release|Any CPU
		{72D8B813-8EED-4FBE-A884-E72CC33E1D4F}.Release|iPhone.Build.0 = Release|Any CPU
		{72D8B813-8EED-4FBE-A884-E72CC33E1D4F}.Release|iPhone.Deploy.0 = Release|Any CPU
		{72D8B813-8EED-4FBE-A884-E72CC33E1D4F}.Release|iPhoneSimulator.ActiveCfg = Release|Any CPU
		{72D8B813-8EED-4FBE-A884-E72CC33E1D4F}.Release|iPhoneSimulator.Build.0 = Release|Any CPU
		{72D8B813-8EED-4FBE-A884-E72CC33E1D4F}.Release|iPhoneSimulator.Deploy.0 = Release|Any CPU
		{72D8B813-8EED-4FBE-A884-E72CC33E1D4F}.Release|x64.ActiveCfg = Release|Any CPU
		{72D8B813-8EED-4FBE-A884-E72CC33E1D4F}.Release|x64.Build.0 = Release|Any CPU
		{72D8B813-8EED-4FBE-A884-E72CC33E1D4F}.Release|x64.Deploy.0 = Release|Any CPU
		{72D8B813-8EED-4FBE-A884-E72CC33E1D4F}.Release|x86.ActiveCfg = Release|Any CPU
		{72D8B813-8EED-4FBE-A884-E72CC33E1D4F}.Release|x86.Build.0 = Release|Any CPU
		{72D8B813-8EED-4FBE-A884-E72CC33E1D4F}.Release|x86.Deploy.0 = Release|Any CPU
		{FF8AB33C-AA01-4B4B-AAD6-8E34AFE15C51}.Debug|Any CPU.ActiveCfg = Debug|iPhoneSimulator
		{FF8AB33C-AA01-4B4B-AAD6-8E34AFE15C51}.Debug|Any CPU.Build.0 = Debug|iPhoneSimulator
		{FF8AB33C-AA01-4B4B-AAD6-8E34AFE15C51}.Debug|Any CPU.Deploy.0 = Debug|iPhoneSimulator
		{FF8AB33C-AA01-4B4B-AAD6-8E34AFE15C51}.Debug|ARM.ActiveCfg = Debug|iPhoneSimulator
		{FF8AB33C-AA01-4B4B-AAD6-8E34AFE15C51}.Debug|ARM.Build.0 = Debug|iPhoneSimulator
		{FF8AB33C-AA01-4B4B-AAD6-8E34AFE15C51}.Debug|ARM.Deploy.0 = Debug|iPhoneSimulator
		{FF8AB33C-AA01-4B4B-AAD6-8E34AFE15C51}.Debug|iPhone.ActiveCfg = Debug|iPhone
		{FF8AB33C-AA01-4B4B-AAD6-8E34AFE15C51}.Debug|iPhone.Build.0 = Debug|iPhone
		{FF8AB33C-AA01-4B4B-AAD6-8E34AFE15C51}.Debug|iPhone.Deploy.0 = Debug|iPhone
		{FF8AB33C-AA01-4B4B-AAD6-8E34AFE15C51}.Debug|iPhoneSimulator.ActiveCfg = Debug|iPhoneSimulator
		{FF8AB33C-AA01-4B4B-AAD6-8E34AFE15C51}.Debug|iPhoneSimulator.Build.0 = Debug|iPhoneSimulator
		{FF8AB33C-AA01-4B4B-AAD6-8E34AFE15C51}.Debug|iPhoneSimulator.Deploy.0 = Debug|iPhoneSimulator
		{FF8AB33C-AA01-4B4B-AAD6-8E34AFE15C51}.Debug|x64.ActiveCfg = Debug|iPhone
		{FF8AB33C-AA01-4B4B-AAD6-8E34AFE15C51}.Debug|x64.Build.0 = Debug|iPhone
		{FF8AB33C-AA01-4B4B-AAD6-8E34AFE15C51}.Debug|x64.Deploy.0 = Debug|iPhone
		{FF8AB33C-AA01-4B4B-AAD6-8E34AFE15C51}.Debug|x86.ActiveCfg = Debug|iPhoneSimulator
		{FF8AB33C-AA01-4B4B-AAD6-8E34AFE15C51}.Debug|x86.Build.0 = Debug|iPhoneSimulator
		{FF8AB33C-AA01-4B4B-AAD6-8E34AFE15C51}.Debug|x86.Deploy.0 = Debug|iPhoneSimulator
		{FF8AB33C-AA01-4B4B-AAD6-8E34AFE15C51}.Release|Any CPU.ActiveCfg = Release|iPhoneSimulator
		{FF8AB33C-AA01-4B4B-AAD6-8E34AFE15C51}.Release|Any CPU.Build.0 = Release|iPhoneSimulator
		{FF8AB33C-AA01-4B4B-AAD6-8E34AFE15C51}.Release|Any CPU.Deploy.0 = Release|iPhoneSimulator
		{FF8AB33C-AA01-4B4B-AAD6-8E34AFE15C51}.Release|ARM.ActiveCfg = Release|iPhoneSimulator
		{FF8AB33C-AA01-4B4B-AAD6-8E34AFE15C51}.Release|ARM.Build.0 = Release|iPhoneSimulator
		{FF8AB33C-AA01-4B4B-AAD6-8E34AFE15C51}.Release|ARM.Deploy.0 = Release|iPhoneSimulator
		{FF8AB33C-AA01-4B4B-AAD6-8E34AFE15C51}.Release|iPhone.ActiveCfg = Release|iPhone
		{FF8AB33C-AA01-4B4B-AAD6-8E34AFE15C51}.Release|iPhone.Build.0 = Release|iPhone
		{FF8AB33C-AA01-4B4B-AAD6-8E34AFE15C51}.Release|iPhone.Deploy.0 = Release|iPhone
		{FF8AB33C-AA01-4B4B-AAD6-8E34AFE15C51}.Release|iPhoneSimulator.ActiveCfg = Release|iPhoneSimulator
		{FF8AB33C-AA01-4B4B-AAD6-8E34AFE15C51}.Release|iPhoneSimulator.Build.0 = Release|iPhoneSimulator
		{FF8AB33C-AA01-4B4B-AAD6-8E34AFE15C51}.Release|iPhoneSimulator.Deploy.0 = Release|iPhoneSimulator
		{FF8AB33C-AA01-4B4B-AAD6-8E34AFE15C51}.Release|x64.ActiveCfg = Release|iPhoneSimulator
		{FF8AB33C-AA01-4B4B-AAD6-8E34AFE15C51}.Release|x64.Build.0 = Release|iPhoneSimulator
		{FF8AB33C-AA01-4B4B-AAD6-8E34AFE15C51}.Release|x64.Deploy.0 = Release|iPhoneSimulator
		{FF8AB33C-AA01-4B4B-AAD6-8E34AFE15C51}.Release|x86.ActiveCfg = Release|iPhoneSimulator
		{FF8AB33C-AA01-4B4B-AAD6-8E34AFE15C51}.Release|x86.Build.0 = Release|iPhoneSimulator
		{FF8AB33C-AA01-4B4B-AAD6-8E34AFE15C51}.Release|x86.Deploy.0 = Release|iPhoneSimulator
		{E1407700-A078-4066-A1FB-C2ACBD812E91}.Debug|Any CPU.ActiveCfg = Debug|Any CPU
		{E1407700-A078-4066-A1FB-C2ACBD812E91}.Debug|Any CPU.Build.0 = Debug|Any CPU
		{E1407700-A078-4066-A1FB-C2ACBD812E91}.Debug|Any CPU.Deploy.0 = Debug|Any CPU
		{E1407700-A078-4066-A1FB-C2ACBD812E91}.Debug|ARM.ActiveCfg = Debug|Any CPU
		{E1407700-A078-4066-A1FB-C2ACBD812E91}.Debug|ARM.Build.0 = Debug|Any CPU
		{E1407700-A078-4066-A1FB-C2ACBD812E91}.Debug|ARM.Deploy.0 = Debug|Any CPU
		{E1407700-A078-4066-A1FB-C2ACBD812E91}.Debug|iPhone.ActiveCfg = Debug|Any CPU
		{E1407700-A078-4066-A1FB-C2ACBD812E91}.Debug|iPhone.Build.0 = Debug|Any CPU
		{E1407700-A078-4066-A1FB-C2ACBD812E91}.Debug|iPhone.Deploy.0 = Debug|Any CPU
		{E1407700-A078-4066-A1FB-C2ACBD812E91}.Debug|iPhoneSimulator.ActiveCfg = Debug|Any CPU
		{E1407700-A078-4066-A1FB-C2ACBD812E91}.Debug|iPhoneSimulator.Build.0 = Debug|Any CPU
		{E1407700-A078-4066-A1FB-C2ACBD812E91}.Debug|iPhoneSimulator.Deploy.0 = Debug|Any CPU
		{E1407700-A078-4066-A1FB-C2ACBD812E91}.Debug|x64.ActiveCfg = Debug|Any CPU
		{E1407700-A078-4066-A1FB-C2ACBD812E91}.Debug|x64.Build.0 = Debug|Any CPU
		{E1407700-A078-4066-A1FB-C2ACBD812E91}.Debug|x64.Deploy.0 = Debug|Any CPU
		{E1407700-A078-4066-A1FB-C2ACBD812E91}.Debug|x86.ActiveCfg = Debug|Any CPU
		{E1407700-A078-4066-A1FB-C2ACBD812E91}.Debug|x86.Build.0 = Debug|Any CPU
		{E1407700-A078-4066-A1FB-C2ACBD812E91}.Debug|x86.Deploy.0 = Debug|Any CPU
		{E1407700-A078-4066-A1FB-C2ACBD812E91}.Release|Any CPU.ActiveCfg = Release|Any CPU
		{E1407700-A078-4066-A1FB-C2ACBD812E91}.Release|Any CPU.Build.0 = Release|Any CPU
		{E1407700-A078-4066-A1FB-C2ACBD812E91}.Release|Any CPU.Deploy.0 = Release|Any CPU
		{E1407700-A078-4066-A1FB-C2ACBD812E91}.Release|ARM.ActiveCfg = Release|Any CPU
		{E1407700-A078-4066-A1FB-C2ACBD812E91}.Release|ARM.Build.0 = Release|Any CPU
		{E1407700-A078-4066-A1FB-C2ACBD812E91}.Release|ARM.Deploy.0 = Release|Any CPU
		{E1407700-A078-4066-A1FB-C2ACBD812E91}.Release|iPhone.ActiveCfg = Release|Any CPU
		{E1407700-A078-4066-A1FB-C2ACBD812E91}.Release|iPhone.Build.0 = Release|Any CPU
		{E1407700-A078-4066-A1FB-C2ACBD812E91}.Release|iPhone.Deploy.0 = Release|Any CPU
		{E1407700-A078-4066-A1FB-C2ACBD812E91}.Release|iPhoneSimulator.ActiveCfg = Release|Any CPU
		{E1407700-A078-4066-A1FB-C2ACBD812E91}.Release|iPhoneSimulator.Build.0 = Release|Any CPU
		{E1407700-A078-4066-A1FB-C2ACBD812E91}.Release|iPhoneSimulator.Deploy.0 = Release|Any CPU
		{E1407700-A078-4066-A1FB-C2ACBD812E91}.Release|x64.ActiveCfg = Release|Any CPU
		{E1407700-A078-4066-A1FB-C2ACBD812E91}.Release|x64.Build.0 = Release|Any CPU
		{E1407700-A078-4066-A1FB-C2ACBD812E91}.Release|x64.Deploy.0 = Release|Any CPU
		{E1407700-A078-4066-A1FB-C2ACBD812E91}.Release|x86.ActiveCfg = Release|Any CPU
		{E1407700-A078-4066-A1FB-C2ACBD812E91}.Release|x86.Build.0 = Release|Any CPU
		{E1407700-A078-4066-A1FB-C2ACBD812E91}.Release|x86.Deploy.0 = Release|Any CPU
	EndGlobalSection
	GlobalSection(SolutionProperties) = preSolution
		HideSolutionNode = FALSE
	EndGlobalSection
	GlobalSection(ExtensibilityGlobals) = postSolution
		SolutionGuid = {B23BF63D-29BD-4231-95ED-1D9D66C3968C}
	EndGlobalSection
EndGlobal
